
Microsoft Visual Studio Solution File, Format Version 12.00
# Visual Studio 15
VisualStudioVersion = 15.0.28307.705
MinimumVisualStudioVersion = 10.0.40219.1
Project("{FAE04EC0-301F-11D3-BF4B-00C04F79EFBC}") = "KotakAdmin_Iteration_1", "KotakAdmin_Iteration_1\KotakAdmin_Iteration_1.csproj", "{2B9F8E35-24FE-4E25-8F13-2DE6C75DB403}"
EndProject
Project("{FAE04EC0-301F-11D3-BF4B-00C04F79EFBC}") = "DataAccessHandler", "DataAccessHandler\DataAccessHandler.csproj", "{0890A457-D331-4EFA-A76B-9209CB216654}"
EndProject
Global
	GlobalSection(SolutionConfigurationPlatforms) = preSolution
		Debug|Any CPU = Debug|Any CPU
		Release|Any CPU = Release|Any CPU
	EndGlobalSection
	GlobalSection(ProjectConfigurationPlatforms) = postSolution
		{2B9F8E35-24FE-4E25-8F13-2DE6C75DB403}.Debug|Any CPU.ActiveCfg = Debug|Any CPU
		{2B9F8E35-24FE-4E25-8F13-2DE6C75DB403}.Debug|Any CPU.Build.0 = Debug|Any CPU
		{2B9F8E35-24FE-4E25-8F13-2DE6C75DB403}.Release|Any CPU.ActiveCfg = Release|Any CPU
		{2B9F8E35-24FE-4E25-8F13-2DE6C75DB403}.Release|Any CPU.Build.0 = Release|Any CPU
		{0890A457-D331-4EFA-A76B-9209CB216654}.Debug|Any CPU.ActiveCfg = Debug|Any CPU
		{0890A457-D331-4EFA-A76B-9209CB216654}.Debug|Any CPU.Build.0 = Debug|Any CPU
		{0890A457-D331-4EFA-A76B-9209CB216654}.Release|Any CPU.ActiveCfg = Release|Any CPU
		{0890A457-D331-4EFA-A76B-9209CB216654}.Release|Any CPU.Build.0 = Release|Any CPU
	EndGlobalSection
	GlobalSection(SolutionProperties) = preSolution
		HideSolutionNode = FALSE
	EndGlobalSection
	GlobalSection(ExtensibilityGlobals) = postSolution
		SolutionGuid = {1A7A4711-D516-4839-8AB2-A8FD83415CC9}
	EndGlobalSection
EndGlobal
